{
  "name": "nwp",
  "lockfileVersion": 2,
  "requires": true,
  "packages": {
    "": {
      "dependencies": {
        "html-to-react": "^1.4.5",
        "html-to-text": "^7.1.1",
        "string-strip-html": "^8.2.13"
      }
    },
    "node_modules/@babel/runtime": {
      "version": "7.13.17",
      "resolved": "https://registry.npmjs.org/@babel/runtime/-/runtime-7.13.17.tgz",
      "integrity": "sha512-NCdgJEelPTSh+FEFylhnP1ylq848l1z9t9N0j1Lfbcw0+KXGjsTvUmkxy+voLLXB5SOKMbLLx4jxYliGrYQseA==",
      "dependencies": {
        "regenerator-runtime": "^0.13.4"
      }
    },
    "node_modules/deepmerge": {
      "version": "4.2.2",
      "resolved": "https://registry.npmjs.org/deepmerge/-/deepmerge-4.2.2.tgz",
      "integrity": "sha512-FJ3UgI4gIl+PHZm53knsuSFpE+nESMr7M4v9QcgB7S63Kj/6WqMiFQJpBBYz1Pt+66bZpP3Q7Lye0Oo9MPKEdg==",
      "engines": {
        "node": ">=0.10.0"
      }
    },
    "node_modules/dom-serializer": {
      "version": "1.3.1",
      "resolved": "https://registry.npmjs.org/dom-serializer/-/dom-serializer-1.3.1.tgz",
      "integrity": "sha512-Pv2ZluG5ife96udGgEDovOOOA5UELkltfJpnIExPrAk1LTvecolUGn6lIaoLh86d83GiB86CjzciMd9BuRB71Q==",
      "dependencies": {
        "domelementtype": "^2.0.1",
        "domhandler": "^4.0.0",
        "entities": "^2.0.0"
      },
      "funding": {
        "url": "https://github.com/cheeriojs/dom-serializer?sponsor=1"
      }
    },
    "node_modules/dom-serializer/node_modules/domhandler": {
      "version": "4.2.0",
      "resolved": "https://registry.npmjs.org/domhandler/-/domhandler-4.2.0.tgz",
      "integrity": "sha512-zk7sgt970kzPks2Bf+dwT/PLzghLnsivb9CcxkvR8Mzr66Olr0Ofd8neSbglHJHaHa2MadfoSdNlKYAaafmWfA==",
      "dependencies": {
        "domelementtype": "^2.2.0"
      },
      "engines": {
        "node": ">= 4"
      },
      "funding": {
        "url": "https://github.com/fb55/domhandler?sponsor=1"
      }
    },
    "node_modules/domelementtype": {
      "version": "2.2.0",
      "resolved": "https://registry.npmjs.org/domelementtype/-/domelementtype-2.2.0.tgz",
      "integrity": "sha512-DtBMo82pv1dFtUmHyr48beiuq792Sxohr+8Hm9zoxklYPfa6n0Z3Byjj2IV7bmr2IyqClnqEQhfgHJJ5QF0R5A==",
      "funding": [
        {
          "type": "github",
          "url": "https://github.com/sponsors/fb55"
        }
      ]
    },
    "node_modules/domhandler": {
      "version": "3.3.0",
      "resolved": "https://registry.npmjs.org/domhandler/-/domhandler-3.3.0.tgz",
      "integrity": "sha512-J1C5rIANUbuYK+FuFL98650rihynUOEzRLxW+90bKZRWB6A1X1Tf82GxR1qAWLyfNPRvjqfip3Q5tdYlmAa9lA==",
      "dependencies": {
        "domelementtype": "^2.0.1"
      },
      "engines": {
        "node": ">= 4"
      },
      "funding": {
        "url": "https://github.com/fb55/domhandler?sponsor=1"
      }
    },
    "node_modules/domutils": {
      "version": "2.6.0",
      "resolved": "https://registry.npmjs.org/domutils/-/domutils-2.6.0.tgz",
      "integrity": "sha512-y0BezHuy4MDYxh6OvolXYsH+1EMGmFbwv5FKW7ovwMG6zTPWqNPq3WF9ayZssFq+UlKdffGLbOEaghNdaOm1WA==",
      "dependencies": {
        "dom-serializer": "^1.0.1",
        "domelementtype": "^2.2.0",
        "domhandler": "^4.2.0"
      },
      "funding": {
        "url": "https://github.com/fb55/domutils?sponsor=1"
      }
    },
    "node_modules/domutils/node_modules/domhandler": {
      "version": "4.2.0",
      "resolved": "https://registry.npmjs.org/domhandler/-/domhandler-4.2.0.tgz",
      "integrity": "sha512-zk7sgt970kzPks2Bf+dwT/PLzghLnsivb9CcxkvR8Mzr66Olr0Ofd8neSbglHJHaHa2MadfoSdNlKYAaafmWfA==",
      "dependencies": {
        "domelementtype": "^2.2.0"
      },
      "engines": {
        "node": ">= 4"
      },
      "funding": {
        "url": "https://github.com/fb55/domhandler?sponsor=1"
      }
    },
    "node_modules/entities": {
      "version": "2.2.0",
      "resolved": "https://registry.npmjs.org/entities/-/entities-2.2.0.tgz",
      "integrity": "sha512-p92if5Nz619I0w+akJrLZH0MX0Pb5DX39XOwQTtXSdQQOaYH03S1uIQp4mhOZtAXrxq4ViO67YTiLBo2638o9A==",
      "funding": {
        "url": "https://github.com/fb55/entities?sponsor=1"
      }
    },
    "node_modules/he": {
      "version": "1.2.0",
      "resolved": "https://registry.npmjs.org/he/-/he-1.2.0.tgz",
      "integrity": "sha512-F/1DnUGPopORZi0ni+CvrCgHQ5FyEAHRLSApuYWMmrbSwoN2Mn/7k+Gl38gJnR7yyDZk6WLXwiGod1JOWNDKGw==",
      "bin": {
        "he": "bin/he"
      }
    },
    "node_modules/html-entities": {
      "version": "2.3.2",
      "resolved": "https://registry.npmjs.org/html-entities/-/html-entities-2.3.2.tgz",
      "integrity": "sha512-c3Ab/url5ksaT0WyleslpBEthOzWhrjQbg75y7XUsfSzi3Dgzt0l8w5e7DylRn15MTlMMD58dTfzddNS2kcAjQ=="
    },
    "node_modules/html-to-react": {
      "version": "1.4.5",
      "resolved": "https://registry.npmjs.org/html-to-react/-/html-to-react-1.4.5.tgz",
      "integrity": "sha512-KONZUDFPg5OodWaQu2ymfkDmU0JA7zB1iPfvyHehTmMUZnk0DS7/TyCMTzsLH6b4BvxX15g88qZCXFhJWktsmA==",
      "dependencies": {
        "domhandler": "^3.3.0",
        "htmlparser2": "^5.0",
        "lodash.camelcase": "^4.3.0",
        "ramda": "^0.27.1"
      },
      "peerDependencies": {
        "react": "^16.0 || ^17.0"
      }
    },
    "node_modules/html-to-text": {
      "version": "7.1.1",
      "resolved": "https://registry.npmjs.org/html-to-text/-/html-to-text-7.1.1.tgz",
      "integrity": "sha512-c9QWysrfnRZevVpS8MlE7PyOdSuIOjg8Bt8ZE10jMU/BEngA6j3llj4GRfAmtQzcd1FjKE0sWu5IHXRUH9YxIQ==",
      "dependencies": {
        "deepmerge": "^4.2.2",
        "he": "^1.2.0",
        "htmlparser2": "^6.1.0",
        "minimist": "^1.2.5"
      },
      "bin": {
        "html-to-text": "bin/cli.js"
      },
      "engines": {
        "node": ">=10.23.2"
      }
    },
    "node_modules/html-to-text/node_modules/domhandler": {
      "version": "4.2.0",
      "resolved": "https://registry.npmjs.org/domhandler/-/domhandler-4.2.0.tgz",
      "integrity": "sha512-zk7sgt970kzPks2Bf+dwT/PLzghLnsivb9CcxkvR8Mzr66Olr0Ofd8neSbglHJHaHa2MadfoSdNlKYAaafmWfA==",
      "dependencies": {
        "domelementtype": "^2.2.0"
      },
      "engines": {
        "node": ">= 4"
      },
      "funding": {
        "url": "https://github.com/fb55/domhandler?sponsor=1"
      }
    },
    "node_modules/html-to-text/node_modules/htmlparser2": {
      "version": "6.1.0",
      "resolved": "https://registry.npmjs.org/htmlparser2/-/htmlparser2-6.1.0.tgz",
      "integrity": "sha512-gyyPk6rgonLFEDGoeRgQNaEUvdJ4ktTmmUh/h2t7s+M8oPpIPxgNACWa+6ESR57kXstwqPiCut0V8NRpcwgU7A==",
      "funding": [
        "https://github.com/fb55/htmlparser2?sponsor=1",
        {
          "type": "github",
          "url": "https://github.com/sponsors/fb55"
        }
      ],
      "dependencies": {
        "domelementtype": "^2.0.1",
        "domhandler": "^4.0.0",
        "domutils": "^2.5.2",
        "entities": "^2.0.0"
      }
    },
    "node_modules/htmlparser2": {
      "version": "5.0.1",
      "resolved": "https://registry.npmjs.org/htmlparser2/-/htmlparser2-5.0.1.tgz",
      "integrity": "sha512-vKZZra6CSe9qsJzh0BjBGXo8dvzNsq/oGvsjfRdOrrryfeD9UOBEEQdeoqCRmKZchF5h2zOBMQ6YuQ0uRUmdbQ==",
      "dependencies": {
        "domelementtype": "^2.0.1",
        "domhandler": "^3.3.0",
        "domutils": "^2.4.2",
        "entities": "^2.0.0"
      },
      "funding": {
        "url": "https://github.com/fb55/htmlparser2?sponsor=1"
      }
    },
    "node_modules/js-tokens": {
      "version": "4.0.0",
      "resolved": "https://registry.npmjs.org/js-tokens/-/js-tokens-4.0.0.tgz",
      "integrity": "sha512-RdJUflcE3cUzKiMqQgsCu06FPu9UdIJO0beYbPhHN4k6apgJtifcoCtT9bcxOpYBtpD2kCM6Sbzg4CausW/PKQ==",
      "peer": true
    },
    "node_modules/lodash.camelcase": {
      "version": "4.3.0",
      "resolved": "https://registry.npmjs.org/lodash.camelcase/-/lodash.camelcase-4.3.0.tgz",
      "integrity": "sha1-soqmKIorn8ZRA1x3EfZathkDMaY="
    },
    "node_modules/lodash.clonedeep": {
      "version": "4.5.0",
      "resolved": "https://registry.npmjs.org/lodash.clonedeep/-/lodash.clonedeep-4.5.0.tgz",
      "integrity": "sha1-4j8/nE+Pvd6HJSnBBxhXoIblzO8="
    },
    "node_modules/lodash.isplainobject": {
      "version": "4.0.6",
      "resolved": "https://registry.npmjs.org/lodash.isplainobject/-/lodash.isplainobject-4.0.6.tgz",
      "integrity": "sha1-fFJqUtibRcRcxpC4gWO+BJf1UMs="
    },
    "node_modules/lodash.trim": {
      "version": "4.5.1",
      "resolved": "https://registry.npmjs.org/lodash.trim/-/lodash.trim-4.5.1.tgz",
      "integrity": "sha1-NkJefukL5KpeJ7zruFt9EepHqlc="
    },
    "node_modules/lodash.without": {
      "version": "4.4.0",
      "resolved": "https://registry.npmjs.org/lodash.without/-/lodash.without-4.4.0.tgz",
      "integrity": "sha1-PNRXSgC2e643OpS3SHcmQFB7eqw="
    },
    "node_modules/loose-envify": {
      "version": "1.4.0",
      "resolved": "https://registry.npmjs.org/loose-envify/-/loose-envify-1.4.0.tgz",
      "integrity": "sha512-lyuxPGr/Wfhrlem2CL/UcnUc1zcqKAImBDzukY7Y5F/yQiNdko6+fRLevlw1HgMySw7f611UIY408EtxRSoK3Q==",
      "peer": true,
      "dependencies": {
        "js-tokens": "^3.0.0 || ^4.0.0"
      },
      "bin": {
        "loose-envify": "cli.js"
      }
    },
    "node_modules/minimist": {
      "version": "1.2.5",
      "resolved": "https://registry.npmjs.org/minimist/-/minimist-1.2.5.tgz",
      "integrity": "sha512-FM9nNUYrRBAELZQT3xeZQ7fmMOBg6nWNmJKTcgsJeaLstP/UODVpGsr5OhXhhXg6f+qtJ8uiZ+PUxkDWcgIXLw=="
    },
    "node_modules/object-assign": {
      "version": "4.1.1",
      "resolved": "https://registry.npmjs.org/object-assign/-/object-assign-4.1.1.tgz",
      "integrity": "sha1-IQmtx5ZYh8/AXLvUQsrIv7s2CGM=",
      "peer": true,
      "engines": {
        "node": ">=0.10.0"
      }
    },
    "node_modules/ramda": {
      "version": "0.27.1",
      "resolved": "https://registry.npmjs.org/ramda/-/ramda-0.27.1.tgz",
      "integrity": "sha512-PgIdVpn5y5Yns8vqb8FzBUEYn98V3xcPgawAkkgj0YJ0qDsnHCiNmZYfOGMgOvoB0eWFLpYbhxUR3mxfDIMvpw=="
    },
    "node_modules/ranges-apply": {
      "version": "5.0.16",
      "resolved": "https://registry.npmjs.org/ranges-apply/-/ranges-apply-5.0.16.tgz",
      "integrity": "sha512-MHM/yhl6PGshg2J2KUgdSe5/8Q03hVPjxQSgJtttciN4Q31ZmTAdXymPZ31MSx6ry2kpLaFSfTadOknhbke/PA==",
      "dependencies": {
        "@babel/runtime": "^7.13.10",
        "ranges-merge": "^7.0.16"
      }
    },
    "node_modules/ranges-merge": {
      "version": "7.0.16",
      "resolved": "https://registry.npmjs.org/ranges-merge/-/ranges-merge-7.0.16.tgz",
      "integrity": "sha512-scTCbjfwAmII9vsVdVlKX7Gl6hiuNPrS1PZhgvA60bVRJB+42gFr4oXvqAyuHv/o0qzRaouHm93ghoF/Px3Qiw==",
      "dependencies": {
        "@babel/runtime": "^7.13.10",
        "ranges-push": "^5.0.16",
        "ranges-sort": "^4.0.16"
      }
    },
    "node_modules/ranges-push": {
      "version": "5.0.16",
      "resolved": "https://registry.npmjs.org/ranges-push/-/ranges-push-5.0.16.tgz",
      "integrity": "sha512-OcdOEGZxlgUNrG3ISkA2c24hJmiU9u14+tKRX3XWsLVohKbuGEmrKaNP8s7jptqtgEGCGkUK36Js7OdzZUeNlw==",
      "dependencies": {
        "@babel/runtime": "^7.13.10",
        "ranges-merge": "^7.0.16",
        "string-collapse-leading-whitespace": "^5.0.16",
        "string-trim-spaces-only": "^3.0.16"
      }
    },
    "node_modules/ranges-sort": {
      "version": "4.0.16",
      "resolved": "https://registry.npmjs.org/ranges-sort/-/ranges-sort-4.0.16.tgz",
      "integrity": "sha512-be/VirTrkl1sX/SxI1zUOABrozTL5yD4ia4PoN6Nirhja0e2JHvd01F0D8eBf4j0aq1o1QBBNy4xc5SPpt/bLw==",
      "dependencies": {
        "@babel/runtime": "^7.13.10"
      }
    },
    "node_modules/react": {
      "version": "17.0.2",
      "resolved": "https://registry.npmjs.org/react/-/react-17.0.2.tgz",
      "integrity": "sha512-gnhPt75i/dq/z3/6q/0asP78D0u592D5L1pd7M8P+dck6Fu/jJeL6iVVK23fptSUZj8Vjf++7wXA8UNclGQcbA==",
      "peer": true,
      "dependencies": {
        "loose-envify": "^1.1.0",
        "object-assign": "^4.1.1"
      },
      "engines": {
        "node": ">=0.10.0"
      }
    },
    "node_modules/regenerator-runtime": {
      "version": "0.13.7",
      "resolved": "https://registry.npmjs.org/regenerator-runtime/-/regenerator-runtime-0.13.7.tgz",
      "integrity": "sha512-a54FxoJDIr27pgf7IgeQGxmqUNYrcV338lf/6gH456HZ/PhX+5BcwHXG9ajESmwe6WRO0tAzRUrRmNONWgkrew=="
    },
    "node_modules/string-collapse-leading-whitespace": {
      "version": "5.0.16",
      "resolved": "https://registry.npmjs.org/string-collapse-leading-whitespace/-/string-collapse-leading-whitespace-5.0.16.tgz",
      "integrity": "sha512-O2NoT22/Wsh7Hv4m82UCV8rfdco5nk8D8jsc88v7doDLxgj3TRx7KFwW8zCdeHJEaiI4YsXZKnKhdCjwU7ISTQ==",
      "dependencies": {
        "@babel/runtime": "^7.13.10"
      }
    },
    "node_modules/string-left-right": {
      "version": "4.0.16",
      "resolved": "https://registry.npmjs.org/string-left-right/-/string-left-right-4.0.16.tgz",
      "integrity": "sha512-iu0bufQgWEA/wNHFK0ZgMGU02mwCA2KtInYIHwgSvQlr65AzE4mMYuqqR/IW987BStY3dAQexzsZ45frBH6MOw==",
      "dependencies": {
        "@babel/runtime": "^7.13.10",
        "lodash.clonedeep": "^4.5.0",
        "lodash.isplainobject": "^4.0.6"
      }
    },
    "node_modules/string-strip-html": {
      "version": "8.2.13",
      "resolved": "https://registry.npmjs.org/string-strip-html/-/string-strip-html-8.2.13.tgz",
      "integrity": "sha512-VrNvUNqXvn4mbkRr83eQw6acvmnnNbHB546V4rcBpkh1kjAc5osbnyazenhaHx6snpKocTTdrgls5KUrlRkqRQ==",
      "dependencies": {
        "@babel/runtime": "^7.13.10",
        "html-entities": "^2.3.2",
        "lodash.isplainobject": "^4.0.6",
        "lodash.trim": "^4.5.1",
        "lodash.without": "^4.4.0",
        "ranges-apply": "^5.0.16",
        "ranges-push": "^5.0.16",
        "string-left-right": "^4.0.16"
      }
    },
    "node_modules/string-trim-spaces-only": {
      "version": "3.0.16",
      "resolved": "https://registry.npmjs.org/string-trim-spaces-only/-/string-trim-spaces-only-3.0.16.tgz",
      "integrity": "sha512-P6nor837YZL4/mU9NDhUjGs6j+XpqrZ4v4u8ke3xD4/ACJPg88lulkcp4fkBOshw/ARcnNchFRJ9PpuiRyJvVQ==",
      "dependencies": {
        "@babel/runtime": "^7.13.10"
      }
    }
  },
  "dependencies": {
    "@babel/runtime": {
      "version": "7.13.17",
      "resolved": "https://registry.npmjs.org/@babel/runtime/-/runtime-7.13.17.tgz",
      "integrity": "sha512-NCdgJEelPTSh+FEFylhnP1ylq848l1z9t9N0j1Lfbcw0+KXGjsTvUmkxy+voLLXB5SOKMbLLx4jxYliGrYQseA==",
      "requires": {
        "regenerator-runtime": "^0.13.4"
      }
    },
    "deepmerge": {
      "version": "4.2.2",
      "resolved": "https://registry.npmjs.org/deepmerge/-/deepmerge-4.2.2.tgz",
      "integrity": "sha512-FJ3UgI4gIl+PHZm53knsuSFpE+nESMr7M4v9QcgB7S63Kj/6WqMiFQJpBBYz1Pt+66bZpP3Q7Lye0Oo9MPKEdg=="
    },
    "dom-serializer": {
      "version": "1.3.1",
      "resolved": "https://registry.npmjs.org/dom-serializer/-/dom-serializer-1.3.1.tgz",
      "integrity": "sha512-Pv2ZluG5ife96udGgEDovOOOA5UELkltfJpnIExPrAk1LTvecolUGn6lIaoLh86d83GiB86CjzciMd9BuRB71Q==",
      "requires": {
        "domelementtype": "^2.0.1",
        "domhandler": "^4.0.0",
        "entities": "^2.0.0"
      },
      "dependencies": {
        "domhandler": {
          "version": "4.2.0",
          "resolved": "https://registry.npmjs.org/domhandler/-/domhandler-4.2.0.tgz",
          "integrity": "sha512-zk7sgt970kzPks2Bf+dwT/PLzghLnsivb9CcxkvR8Mzr66Olr0Ofd8neSbglHJHaHa2MadfoSdNlKYAaafmWfA==",
          "requires": {
            "domelementtype": "^2.2.0"
          }
        }
      }
    },
    "domelementtype": {
      "version": "2.2.0",
      "resolved": "https://registry.npmjs.org/domelementtype/-/domelementtype-2.2.0.tgz",
      "integrity": "sha512-DtBMo82pv1dFtUmHyr48beiuq792Sxohr+8Hm9zoxklYPfa6n0Z3Byjj2IV7bmr2IyqClnqEQhfgHJJ5QF0R5A=="
    },
    "domhandler": {
      "version": "3.3.0",
      "resolved": "https://registry.npmjs.org/domhandler/-/domhandler-3.3.0.tgz",
      "integrity": "sha512-J1C5rIANUbuYK+FuFL98650rihynUOEzRLxW+90bKZRWB6A1X1Tf82GxR1qAWLyfNPRvjqfip3Q5tdYlmAa9lA==",
      "requires": {
        "domelementtype": "^2.0.1"
      }
    },
    "domutils": {
      "version": "2.6.0",
      "resolved": "https://registry.npmjs.org/domutils/-/domutils-2.6.0.tgz",
      "integrity": "sha512-y0BezHuy4MDYxh6OvolXYsH+1EMGmFbwv5FKW7ovwMG6zTPWqNPq3WF9ayZssFq+UlKdffGLbOEaghNdaOm1WA==",
      "requires": {
        "dom-serializer": "^1.0.1",
        "domelementtype": "^2.2.0",
        "domhandler": "^4.2.0"
      },
      "dependencies": {
        "domhandler": {
          "version": "4.2.0",
          "resolved": "https://registry.npmjs.org/domhandler/-/domhandler-4.2.0.tgz",
          "integrity": "sha512-zk7sgt970kzPks2Bf+dwT/PLzghLnsivb9CcxkvR8Mzr66Olr0Ofd8neSbglHJHaHa2MadfoSdNlKYAaafmWfA==",
          "requires": {
            "domelementtype": "^2.2.0"
          }
        }
      }
    },
    "entities": {
      "version": "2.2.0",
      "resolved": "https://registry.npmjs.org/entities/-/entities-2.2.0.tgz",
      "integrity": "sha512-p92if5Nz619I0w+akJrLZH0MX0Pb5DX39XOwQTtXSdQQOaYH03S1uIQp4mhOZtAXrxq4ViO67YTiLBo2638o9A=="
    },
    "he": {
      "version": "1.2.0",
      "resolved": "https://registry.npmjs.org/he/-/he-1.2.0.tgz",
      "integrity": "sha512-F/1DnUGPopORZi0ni+CvrCgHQ5FyEAHRLSApuYWMmrbSwoN2Mn/7k+Gl38gJnR7yyDZk6WLXwiGod1JOWNDKGw=="
    },
    "html-entities": {
      "version": "2.3.2",
      "resolved": "https://registry.npmjs.org/html-entities/-/html-entities-2.3.2.tgz",
      "integrity": "sha512-c3Ab/url5ksaT0WyleslpBEthOzWhrjQbg75y7XUsfSzi3Dgzt0l8w5e7DylRn15MTlMMD58dTfzddNS2kcAjQ=="
    },
    "html-to-react": {
      "version": "1.4.5",
      "resolved": "https://registry.npmjs.org/html-to-react/-/html-to-react-1.4.5.tgz",
      "integrity": "sha512-KONZUDFPg5OodWaQu2ymfkDmU0JA7zB1iPfvyHehTmMUZnk0DS7/TyCMTzsLH6b4BvxX15g88qZCXFhJWktsmA==",
      "requires": {
        "domhandler": "^3.3.0",
        "htmlparser2": "^5.0",
        "lodash.camelcase": "^4.3.0",
        "ramda": "^0.27.1"
      }
    },
    "html-to-text": {
      "version": "7.1.1",
      "resolved": "https://registry.npmjs.org/html-to-text/-/html-to-text-7.1.1.tgz",
      "integrity": "sha512-c9QWysrfnRZevVpS8MlE7PyOdSuIOjg8Bt8ZE10jMU/BEngA6j3llj4GRfAmtQzcd1FjKE0sWu5IHXRUH9YxIQ==",
      "requires": {
        "deepmerge": "^4.2.2",
        "he": "^1.2.0",
        "htmlparser2": "^6.1.0",
        "minimist": "^1.2.5"
      },
      "dependencies": {
        "domhandler": {
          "version": "4.2.0",
          "resolved": "https://registry.npmjs.org/domhandler/-/domhandler-4.2.0.tgz",
          "integrity": "sha512-zk7sgt970kzPks2Bf+dwT/PLzghLnsivb9CcxkvR8Mzr66Olr0Ofd8neSbglHJHaHa2MadfoSdNlKYAaafmWfA==",
          "requires": {
            "domelementtype": "^2.2.0"
          }
        },
        "htmlparser2": {
          "version": "6.1.0",
          "resolved": "https://registry.npmjs.org/htmlparser2/-/htmlparser2-6.1.0.tgz",
          "integrity": "sha512-gyyPk6rgonLFEDGoeRgQNaEUvdJ4ktTmmUh/h2t7s+M8oPpIPxgNACWa+6ESR57kXstwqPiCut0V8NRpcwgU7A==",
          "requires": {
            "domelementtype": "^2.0.1",
            "domhandler": "^4.0.0",
            "domutils": "^2.5.2",
            "entities": "^2.0.0"
          }
        }
      }
    },
    "htmlparser2": {
      "version": "5.0.1",
      "resolved": "https://registry.npmjs.org/htmlparser2/-/htmlparser2-5.0.1.tgz",
      "integrity": "sha512-vKZZra6CSe9qsJzh0BjBGXo8dvzNsq/oGvsjfRdOrrryfeD9UOBEEQdeoqCRmKZchF5h2zOBMQ6YuQ0uRUmdbQ==",
      "requires": {
        "domelementtype": "^2.0.1",
        "domhandler": "^3.3.0",
        "domutils": "^2.4.2",
        "entities": "^2.0.0"
      }
    },
    "js-tokens": {
      "version": "4.0.0",
      "resolved": "https://registry.npmjs.org/js-tokens/-/js-tokens-4.0.0.tgz",
      "integrity": "sha512-RdJUflcE3cUzKiMqQgsCu06FPu9UdIJO0beYbPhHN4k6apgJtifcoCtT9bcxOpYBtpD2kCM6Sbzg4CausW/PKQ==",
      "peer": true
    },
    "lodash.camelcase": {
      "version": "4.3.0",
      "resolved": "https://registry.npmjs.org/lodash.camelcase/-/lodash.camelcase-4.3.0.tgz",
      "integrity": "sha1-soqmKIorn8ZRA1x3EfZathkDMaY="
    },
    "lodash.clonedeep": {
      "version": "4.5.0",
      "resolved": "https://registry.npmjs.org/lodash.clonedeep/-/lodash.clonedeep-4.5.0.tgz",
      "integrity": "sha1-4j8/nE+Pvd6HJSnBBxhXoIblzO8="
    },
    "lodash.isplainobject": {
      "version": "4.0.6",
      "resolved": "https://registry.npmjs.org/lodash.isplainobject/-/lodash.isplainobject-4.0.6.tgz",
      "integrity": "sha1-fFJqUtibRcRcxpC4gWO+BJf1UMs="
    },
    "lodash.trim": {
      "version": "4.5.1",
      "resolved": "https://registry.npmjs.org/lodash.trim/-/lodash.trim-4.5.1.tgz",
      "integrity": "sha1-NkJefukL5KpeJ7zruFt9EepHqlc="
    },
    "lodash.without": {
      "version": "4.4.0",
      "resolved": "https://registry.npmjs.org/lodash.without/-/lodash.without-4.4.0.tgz",
      "integrity": "sha1-PNRXSgC2e643OpS3SHcmQFB7eqw="
    },
    "loose-envify": {
      "version": "1.4.0",
      "resolved": "https://registry.npmjs.org/loose-envify/-/loose-envify-1.4.0.tgz",
      "integrity": "sha512-lyuxPGr/Wfhrlem2CL/UcnUc1zcqKAImBDzukY7Y5F/yQiNdko6+fRLevlw1HgMySw7f611UIY408EtxRSoK3Q==",
      "peer": true,
      "requires": {
        "js-tokens": "^3.0.0 || ^4.0.0"
      }
    },
    "minimist": {
      "version": "1.2.5",
      "resolved": "https://registry.npmjs.org/minimist/-/minimist-1.2.5.tgz",
      "integrity": "sha512-FM9nNUYrRBAELZQT3xeZQ7fmMOBg6nWNmJKTcgsJeaLstP/UODVpGsr5OhXhhXg6f+qtJ8uiZ+PUxkDWcgIXLw=="
    },
    "object-assign": {
      "version": "4.1.1",
      "resolved": "https://registry.npmjs.org/object-assign/-/object-assign-4.1.1.tgz",
      "integrity": "sha1-IQmtx5ZYh8/AXLvUQsrIv7s2CGM=",
      "peer": true
    },
    "ramda": {
      "version": "0.27.1",
      "resolved": "https://registry.npmjs.org/ramda/-/ramda-0.27.1.tgz",
      "integrity": "sha512-PgIdVpn5y5Yns8vqb8FzBUEYn98V3xcPgawAkkgj0YJ0qDsnHCiNmZYfOGMgOvoB0eWFLpYbhxUR3mxfDIMvpw=="
    },
    "ranges-apply": {
      "version": "5.0.16",
      "resolved": "https://registry.npmjs.org/ranges-apply/-/ranges-apply-5.0.16.tgz",
      "integrity": "sha512-MHM/yhl6PGshg2J2KUgdSe5/8Q03hVPjxQSgJtttciN4Q31ZmTAdXymPZ31MSx6ry2kpLaFSfTadOknhbke/PA==",
      "requires": {
        "@babel/runtime": "^7.13.10",
        "ranges-merge": "^7.0.16"
      }
    },
    "ranges-merge": {
      "version": "7.0.16",
      "resolved": "https://registry.npmjs.org/ranges-merge/-/ranges-merge-7.0.16.tgz",
      "integrity": "sha512-scTCbjfwAmII9vsVdVlKX7Gl6hiuNPrS1PZhgvA60bVRJB+42gFr4oXvqAyuHv/o0qzRaouHm93ghoF/Px3Qiw==",
      "requires": {
        "@babel/runtime": "^7.13.10",
        "ranges-push": "^5.0.16",
        "ranges-sort": "^4.0.16"
      }
    },
    "ranges-push": {
      "version": "5.0.16",
      "resolved": "https://registry.npmjs.org/ranges-push/-/ranges-push-5.0.16.tgz",
      "integrity": "sha512-OcdOEGZxlgUNrG3ISkA2c24hJmiU9u14+tKRX3XWsLVohKbuGEmrKaNP8s7jptqtgEGCGkUK36Js7OdzZUeNlw==",
      "requires": {
        "@babel/runtime": "^7.13.10",
        "ranges-merge": "^7.0.16",
        "string-collapse-leading-whitespace": "^5.0.16",
        "string-trim-spaces-only": "^3.0.16"
      }
    },
    "ranges-sort": {
      "version": "4.0.16",
      "resolved": "https://registry.npmjs.org/ranges-sort/-/ranges-sort-4.0.16.tgz",
      "integrity": "sha512-be/VirTrkl1sX/SxI1zUOABrozTL5yD4ia4PoN6Nirhja0e2JHvd01F0D8eBf4j0aq1o1QBBNy4xc5SPpt/bLw==",
      "requires": {
        "@babel/runtime": "^7.13.10"
      }
    },
    "react": {
      "version": "17.0.2",
      "resolved": "https://registry.npmjs.org/react/-/react-17.0.2.tgz",
      "integrity": "sha512-gnhPt75i/dq/z3/6q/0asP78D0u592D5L1pd7M8P+dck6Fu/jJeL6iVVK23fptSUZj8Vjf++7wXA8UNclGQcbA==",
      "peer": true,
      "requires": {
        "loose-envify": "^1.1.0",
        "object-assign": "^4.1.1"
      }
    },
    "regenerator-runtime": {
      "version": "0.13.7",
      "resolved": "https://registry.npmjs.org/regenerator-runtime/-/regenerator-runtime-0.13.7.tgz",
      "integrity": "sha512-a54FxoJDIr27pgf7IgeQGxmqUNYrcV338lf/6gH456HZ/PhX+5BcwHXG9ajESmwe6WRO0tAzRUrRmNONWgkrew=="
    },
    "string-collapse-leading-whitespace": {
      "version": "5.0.16",
      "resolved": "https://registry.npmjs.org/string-collapse-leading-whitespace/-/string-collapse-leading-whitespace-5.0.16.tgz",
      "integrity": "sha512-O2NoT22/Wsh7Hv4m82UCV8rfdco5nk8D8jsc88v7doDLxgj3TRx7KFwW8zCdeHJEaiI4YsXZKnKhdCjwU7ISTQ==",
      "requires": {
        "@babel/runtime": "^7.13.10"
      }
    },
    "string-left-right": {
      "version": "4.0.16",
      "resolved": "https://registry.npmjs.org/string-left-right/-/string-left-right-4.0.16.tgz",
      "integrity": "sha512-iu0bufQgWEA/wNHFK0ZgMGU02mwCA2KtInYIHwgSvQlr65AzE4mMYuqqR/IW987BStY3dAQexzsZ45frBH6MOw==",
      "requires": {
        "@babel/runtime": "^7.13.10",
        "lodash.clonedeep": "^4.5.0",
        "lodash.isplainobject": "^4.0.6"
      }
    },
    "string-strip-html": {
      "version": "8.2.13",
      "resolved": "https://registry.npmjs.org/string-strip-html/-/string-strip-html-8.2.13.tgz",
      "integrity": "sha512-VrNvUNqXvn4mbkRr83eQw6acvmnnNbHB546V4rcBpkh1kjAc5osbnyazenhaHx6snpKocTTdrgls5KUrlRkqRQ==",
      "requires": {
        "@babel/runtime": "^7.13.10",
        "html-entities": "^2.3.2",
        "lodash.isplainobject": "^4.0.6",
        "lodash.trim": "^4.5.1",
        "lodash.without": "^4.4.0",
        "ranges-apply": "^5.0.16",
        "ranges-push": "^5.0.16",
        "string-left-right": "^4.0.16"
      }
    },
    "string-trim-spaces-only": {
      "version": "3.0.16",
      "resolved": "https://registry.npmjs.org/string-trim-spaces-only/-/string-trim-spaces-only-3.0.16.tgz",
      "integrity": "sha512-P6nor837YZL4/mU9NDhUjGs6j+XpqrZ4v4u8ke3xD4/ACJPg88lulkcp4fkBOshw/ARcnNchFRJ9PpuiRyJvVQ==",
      "requires": {
        "@babel/runtime": "^7.13.10"
      }
    }
  }
}
